// !$*UTF8*$!
{
	archiveVersion = 1;
	classes = {
	};
	objectVersion = 50;
	objects = {

/* Begin PBXBuildFile section */
		B2170EB72AFC2CA7007FD342 /* debug.json in Resources */ = {isa = PBXBuildFile; fileRef = B2170EB62AFC2CA7007FD342 /* debug.json */; };
		B2170EBB2AFC3B97007FD342 /* Notificator.swift in Sources */ = {isa = PBXBuildFile; fileRef = B2170EBA2AFC3B97007FD342 /* Notificator.swift */; };
		B27999432B0B79000051F4C8 /* EditableChoreCell.swift in Sources */ = {isa = PBXBuildFile; fileRef = B27999422B0B79000051F4C8 /* EditableChoreCell.swift */; };
		B2825FC12B00C453007D9DE5 /* RoutineTableViewController.swift in Sources */ = {isa = PBXBuildFile; fileRef = B2825FC02B00C453007D9DE5 /* RoutineTableViewController.swift */; };
		B2825FC42B0161A0007D9DE5 /* routines.json in Resources */ = {isa = PBXBuildFile; fileRef = B2825FC32B0161A0007D9DE5 /* routines.json */; };
		B2825FC72B016471007D9DE5 /* RoutineDataManager.swift in Sources */ = {isa = PBXBuildFile; fileRef = B2825FC62B016471007D9DE5 /* RoutineDataManager.swift */; };
		B2825FCA2B01648D007D9DE5 /* Routine.swift in Sources */ = {isa = PBXBuildFile; fileRef = B2825FC92B01648D007D9DE5 /* Routine.swift */; };
		B2825FD42B041AA0007D9DE5 /* AddRoutineViewController.swift in Sources */ = {isa = PBXBuildFile; fileRef = B2825FD32B041AA0007D9DE5 /* AddRoutineViewController.swift */; };
		B2825FD82B06AF6A007D9DE5 /* EditRoutineViewController.swift in Sources */ = {isa = PBXBuildFile; fileRef = B2825FD72B06AF6A007D9DE5 /* EditRoutineViewController.swift */; };
		B2A1239B2AF7E5600085D288 /* AppDelegate.swift in Sources */ = {isa = PBXBuildFile; fileRef = B2A1239A2AF7E5600085D288 /* AppDelegate.swift */; };
		B2A1239D2AF7E5600085D288 /* SceneDelegate.swift in Sources */ = {isa = PBXBuildFile; fileRef = B2A1239C2AF7E5600085D288 /* SceneDelegate.swift */; };
		B2A123A22AF7E5600085D288 /* Main.storyboard in Resources */ = {isa = PBXBuildFile; fileRef = B2A123A02AF7E5600085D288 /* Main.storyboard */; };
		B2A123A42AF7E5620085D288 /* Assets.xcassets in Resources */ = {isa = PBXBuildFile; fileRef = B2A123A32AF7E5620085D288 /* Assets.xcassets */; };
		B2A123A72AF7E5620085D288 /* LaunchScreen.storyboard in Resources */ = {isa = PBXBuildFile; fileRef = B2A123A52AF7E5620085D288 /* LaunchScreen.storyboard */; };
		B2A123B92AF7E9740085D288 /* weekday_tt.json in Resources */ = {isa = PBXBuildFile; fileRef = B2A123B82AF7E9740085D288 /* weekday_tt.json */; };
		B2A123BD2AF7F1E50085D288 /* DayViewController.swift in Sources */ = {isa = PBXBuildFile; fileRef = B2A123BC2AF7F1E50085D288 /* DayViewController.swift */; };
		B2A123C02AF7F81A0085D288 /* DataManager.swift in Sources */ = {isa = PBXBuildFile; fileRef = B2A123BF2AF7F81A0085D288 /* DataManager.swift */; };
		B2A123C32AF7F85B0085D288 /* Chore.swift in Sources */ = {isa = PBXBuildFile; fileRef = B2A123C22AF7F85B0085D288 /* Chore.swift */; };
		B2A123C72AF835B30085D288 /* FutureCellView.swift in Sources */ = {isa = PBXBuildFile; fileRef = B2A123C62AF835B30085D288 /* FutureCellView.swift */; };
		B2A123CC2AF83C430085D288 /* CurrentCellView.swift in Sources */ = {isa = PBXBuildFile; fileRef = B2A123CB2AF83C430085D288 /* CurrentCellView.swift */; };
/* End PBXBuildFile section */

/* Begin PBXFileReference section */
		B2170EB62AFC2CA7007FD342 /* debug.json */ = {isa = PBXFileReference; lastKnownFileType = text.json; path = debug.json; sourceTree = "<group>"; };
		B2170EBA2AFC3B97007FD342 /* Notificator.swift */ = {isa = PBXFileReference; lastKnownFileType = sourcecode.swift; path = Notificator.swift; sourceTree = "<group>"; };
		B27999422B0B79000051F4C8 /* EditableChoreCell.swift */ = {isa = PBXFileReference; lastKnownFileType = sourcecode.swift; path = EditableChoreCell.swift; sourceTree = "<group>"; };
		B2825FC02B00C453007D9DE5 /* RoutineTableViewController.swift */ = {isa = PBXFileReference; lastKnownFileType = sourcecode.swift; path = RoutineTableViewController.swift; sourceTree = "<group>"; };
		B2825FC32B0161A0007D9DE5 /* routines.json */ = {isa = PBXFileReference; lastKnownFileType = text.json; path = routines.json; sourceTree = "<group>"; };
		B2825FC62B016471007D9DE5 /* RoutineDataManager.swift */ = {isa = PBXFileReference; lastKnownFileType = sourcecode.swift; path = RoutineDataManager.swift; sourceTree = "<group>"; };
		B2825FC92B01648D007D9DE5 /* Routine.swift */ = {isa = PBXFileReference; lastKnownFileType = sourcecode.swift; path = Routine.swift; sourceTree = "<group>"; };
		B2825FD32B041AA0007D9DE5 /* AddRoutineViewController.swift */ = {isa = PBXFileReference; lastKnownFileType = sourcecode.swift; path = AddRoutineViewController.swift; sourceTree = "<group>"; };
		B2825FD72B06AF6A007D9DE5 /* EditRoutineViewController.swift */ = {isa = PBXFileReference; lastKnownFileType = sourcecode.swift; path = EditRoutineViewController.swift; sourceTree = "<group>"; };
		B2A123972AF7E5600085D288 /* Routinator.app */ = {isa = PBXFileReference; explicitFileType = wrapper.application; includeInIndex = 0; path = Routinator.app; sourceTree = BUILT_PRODUCTS_DIR; };
		B2A1239A2AF7E5600085D288 /* AppDelegate.swift */ = {isa = PBXFileReference; lastKnownFileType = sourcecode.swift; path = AppDelegate.swift; sourceTree = "<group>"; };
		B2A1239C2AF7E5600085D288 /* SceneDelegate.swift */ = {isa = PBXFileReference; lastKnownFileType = sourcecode.swift; path = SceneDelegate.swift; sourceTree = "<group>"; };
		B2A123A12AF7E5600085D288 /* Base */ = {isa = PBXFileReference; lastKnownFileType = file.storyboard; name = Base; path = Base.lproj/Main.storyboard; sourceTree = "<group>"; };
		B2A123A32AF7E5620085D288 /* Assets.xcassets */ = {isa = PBXFileReference; lastKnownFileType = folder.assetcatalog; path = Assets.xcassets; sourceTree = "<group>"; };
		B2A123A62AF7E5620085D288 /* Base */ = {isa = PBXFileReference; lastKnownFileType = file.storyboard; name = Base; path = Base.lproj/LaunchScreen.storyboard; sourceTree = "<group>"; };
		B2A123A82AF7E5620085D288 /* Info.plist */ = {isa = PBXFileReference; lastKnownFileType = text.plist.xml; path = Info.plist; sourceTree = "<group>"; };
		B2A123B82AF7E9740085D288 /* weekday_tt.json */ = {isa = PBXFileReference; lastKnownFileType = text.json; path = weekday_tt.json; sourceTree = "<group>"; };
		B2A123BC2AF7F1E50085D288 /* DayViewController.swift */ = {isa = PBXFileReference; lastKnownFileType = sourcecode.swift; path = DayViewController.swift; sourceTree = "<group>"; };
		B2A123BF2AF7F81A0085D288 /* DataManager.swift */ = {isa = PBXFileReference; lastKnownFileType = sourcecode.swift; path = DataManager.swift; sourceTree = "<group>"; };
		B2A123C22AF7F85B0085D288 /* Chore.swift */ = {isa = PBXFileReference; lastKnownFileType = sourcecode.swift; path = Chore.swift; sourceTree = "<group>"; };
		B2A123C62AF835B30085D288 /* FutureCellView.swift */ = {isa = PBXFileReference; lastKnownFileType = sourcecode.swift; path = FutureCellView.swift; sourceTree = "<group>"; };
		B2A123CB2AF83C430085D288 /* CurrentCellView.swift */ = {isa = PBXFileReference; lastKnownFileType = sourcecode.swift; path = CurrentCellView.swift; sourceTree = "<group>"; };
/* End PBXFileReference section */

/* Begin PBXFrameworksBuildPhase section */
		B2A123942AF7E5600085D288 /* Frameworks */ = {
			isa = PBXFrameworksBuildPhase;
			buildActionMask = 2147483647;
			files = (
			);
			runOnlyForDeploymentPostprocessing = 0;
		};
/* End PBXFrameworksBuildPhase section */

/* Begin PBXGroup section */
		B2170EB92AFC3B79007FD342 /* Working */ = {
			isa = PBXGroup;
			children = (
				B2170EBA2AFC3B97007FD342 /* Notificator.swift */,
			);
			path = Working;
			sourceTree = "<group>";
		};
		B27999412B0B78D70051F4C8 /* View */ = {
			isa = PBXGroup;
			children = (
				B27999422B0B79000051F4C8 /* EditableChoreCell.swift */,
			);
			path = View;
			sourceTree = "<group>";
		};
		B2825FBE2B00C41D007D9DE5 /* Routines */ = {
			isa = PBXGroup;
			children = (
				B27999412B0B78D70051F4C8 /* View */,
				B2825FBF2B00C430007D9DE5 /* Model */,
				B2825FC02B00C453007D9DE5 /* RoutineTableViewController.swift */,
				B2825FD32B041AA0007D9DE5 /* AddRoutineViewController.swift */,
				B2825FD72B06AF6A007D9DE5 /* EditRoutineViewController.swift */,
			);
			path = Routines;
			sourceTree = "<group>";
		};
		B2825FBF2B00C430007D9DE5 /* Model */ = {
			isa = PBXGroup;
			children = (
				B2825FC32B0161A0007D9DE5 /* routines.json */,
				B2825FC62B016471007D9DE5 /* RoutineDataManager.swift */,
				B2825FC92B01648D007D9DE5 /* Routine.swift */,
			);
			path = Model;
			sourceTree = "<group>";
		};
		B2A1238E2AF7E5600085D288 = {
			isa = PBXGroup;
			children = (
				B2A123992AF7E5600085D288 /* Routinator */,
				B2A123982AF7E5600085D288 /* Products */,
			);
			sourceTree = "<group>";
		};
		B2A123982AF7E5600085D288 /* Products */ = {
			isa = PBXGroup;
			children = (
				B2A123972AF7E5600085D288 /* Routinator.app */,
			);
			name = Products;
			sourceTree = "<group>";
		};
		B2A123992AF7E5600085D288 /* Routinator */ = {
			isa = PBXGroup;
			children = (
				B2825FBE2B00C41D007D9DE5 /* Routines */,
				B2A123A82AF7E5620085D288 /* Info.plist */,
				B2A123B12AF7E5C10085D288 /* DayScreen */,
				B2A123AF2AF7E5A50085D288 /* misc */,
				B2A123A02AF7E5600085D288 /* Main.storyboard */,
			);
			path = Routinator;
			sourceTree = "<group>";
		};
		B2A123AF2AF7E5A50085D288 /* misc */ = {
			isa = PBXGroup;
			children = (
				B2A123A52AF7E5620085D288 /* LaunchScreen.storyboard */,
				B2A123A32AF7E5620085D288 /* Assets.xcassets */,
				B2A1239C2AF7E5600085D288 /* SceneDelegate.swift */,
				B2A1239A2AF7E5600085D288 /* AppDelegate.swift */,
			);
			path = misc;
			sourceTree = "<group>";
		};
		B2A123B12AF7E5C10085D288 /* DayScreen */ = {
			isa = PBXGroup;
			children = (
				B2170EB92AFC3B79007FD342 /* Working */,
				B2A123C52AF835580085D288 /* View */,
				B2A123B72AF7E9060085D288 /* Model */,
				B2A123BC2AF7F1E50085D288 /* DayViewController.swift */,
			);
			path = DayScreen;
			sourceTree = "<group>";
		};
		B2A123B72AF7E9060085D288 /* Model */ = {
			isa = PBXGroup;
			children = (
				B2A123B82AF7E9740085D288 /* weekday_tt.json */,
				B2170EB62AFC2CA7007FD342 /* debug.json */,
				B2A123BF2AF7F81A0085D288 /* DataManager.swift */,
				B2A123C22AF7F85B0085D288 /* Chore.swift */,
			);
			path = Model;
			sourceTree = "<group>";
		};
		B2A123C52AF835580085D288 /* View */ = {
			isa = PBXGroup;
			children = (
				B2A123C62AF835B30085D288 /* FutureCellView.swift */,
				B2A123CB2AF83C430085D288 /* CurrentCellView.swift */,
			);
			path = View;
			sourceTree = "<group>";
		};
/* End PBXGroup section */

/* Begin PBXNativeTarget section */
		B2A123962AF7E5600085D288 /* Routinator */ = {
			isa = PBXNativeTarget;
			buildConfigurationList = B2A123AB2AF7E5620085D288 /* Build configuration list for PBXNativeTarget "Routinator" */;
			buildPhases = (
				B2A123932AF7E5600085D288 /* Sources */,
				B2A123942AF7E5600085D288 /* Frameworks */,
				B2A123952AF7E5600085D288 /* Resources */,
			);
			buildRules = (
			);
			dependencies = (
			);
			name = Routinator;
			productName = Routinator;
			productReference = B2A123972AF7E5600085D288 /* Routinator.app */;
			productType = "com.apple.product-type.application";
		};
/* End PBXNativeTarget section */

/* Begin PBXProject section */
		B2A1238F2AF7E5600085D288 /* Project object */ = {
			isa = PBXProject;
			attributes = {
				LastSwiftUpdateCheck = 1240;
				LastUpgradeCheck = 1240;
				TargetAttributes = {
					B2A123962AF7E5600085D288 = {
						CreatedOnToolsVersion = 12.4;
					};
				};
			};
			buildConfigurationList = B2A123922AF7E5600085D288 /* Build configuration list for PBXProject "Routinator" */;
			compatibilityVersion = "Xcode 9.3";
			developmentRegion = en;
			hasScannedForEncodings = 0;
			knownRegions = (
				en,
				Base,
			);
			mainGroup = B2A1238E2AF7E5600085D288;
			productRefGroup = B2A123982AF7E5600085D288 /* Products */;
			projectDirPath = "";
			projectRoot = "";
			targets = (
				B2A123962AF7E5600085D288 /* Routinator */,
			);
		};
/* End PBXProject section */

/* Begin PBXResourcesBuildPhase section */
		B2A123952AF7E5600085D288 /* Resources */ = {
			isa = PBXResourcesBuildPhase;
			buildActionMask = 2147483647;
			files = (
				B2825FC42B0161A0007D9DE5 /* routines.json in Resources */,
				B2A123B92AF7E9740085D288 /* weekday_tt.json in Resources */,
				B2A123A72AF7E5620085D288 /* LaunchScreen.storyboard in Resources */,
				B2A123A42AF7E5620085D288 /* Assets.xcassets in Resources */,
				B2A123A22AF7E5600085D288 /* Main.storyboard in Resources */,
				B2170EB72AFC2CA7007FD342 /* debug.json in Resources */,
			);
			runOnlyForDeploymentPostprocessing = 0;
		};
/* End PBXResourcesBuildPhase section */

/* Begin PBXSourcesBuildPhase section */
		B2A123932AF7E5600085D288 /* Sources */ = {
			isa = PBXSourcesBuildPhase;
			buildActionMask = 2147483647;
			files = (
				B2A1239B2AF7E5600085D288 /* AppDelegate.swift in Sources */,
				B2825FD82B06AF6A007D9DE5 /* EditRoutineViewController.swift in Sources */,
				B2825FC72B016471007D9DE5 /* RoutineDataManager.swift in Sources */,
				B27999432B0B79000051F4C8 /* EditableChoreCell.swift in Sources */,
				B2A123C02AF7F81A0085D288 /* DataManager.swift in Sources */,
				B2A123C32AF7F85B0085D288 /* Chore.swift in Sources */,
				B2A1239D2AF7E5600085D288 /* SceneDelegate.swift in Sources */,
				B2A123BD2AF7F1E50085D288 /* DayViewController.swift in Sources */,
				B2A123C72AF835B30085D288 /* FutureCellView.swift in Sources */,
				B2825FCA2B01648D007D9DE5 /* Routine.swift in Sources */,
				B2825FC12B00C453007D9DE5 /* RoutineTableViewController.swift in Sources */,
				B2825FD42B041AA0007D9DE5 /* AddRoutineViewController.swift in Sources */,
				B2170EBB2AFC3B97007FD342 /* Notificator.swift in Sources */,
				B2A123CC2AF83C430085D288 /* CurrentCellView.swift in Sources */,
			);
			runOnlyForDeploymentPostprocessing = 0;
		};
/* End PBXSourcesBuildPhase section */

/* Begin PBXVariantGroup section */
		B2A123A02AF7E5600085D288 /* Main.storyboard */ = {
			isa = PBXVariantGroup;
			children = (
				B2A123A12AF7E5600085D288 /* Base */,
			);
			name = Main.storyboard;
			sourceTree = "<group>";
		};
		B2A123A52AF7E5620085D288 /* LaunchScreen.storyboard */ = {
			isa = PBXVariantGroup;
			children = (
				B2A123A62AF7E5620085D288 /* Base */,
			);
			name = LaunchScreen.storyboard;
			sourceTree = "<group>";
		};
/* End PBXVariantGroup section */

/* Begin XCBuildConfiguration section */
		B2A123A92AF7E5620085D288 /* Debug */ = {
			isa = XCBuildConfiguration;
			buildSettings = {
				ALWAYS_SEARCH_USER_PATHS = NO;
				CLANG_ANALYZER_NONNULL = YES;
				CLANG_ANALYZER_NUMBER_OBJECT_CONVERSION = YES_AGGRESSIVE;
				CLANG_CXX_LANGUAGE_STANDARD = "gnu++14";
				CLANG_CXX_LIBRARY = "libc++";
				CLANG_ENABLE_MODULES = YES;
				CLANG_ENABLE_OBJC_ARC = YES;
				CLANG_ENABLE_OBJC_WEAK = YES;
				CLANG_WARN_BLOCK_CAPTURE_AUTORELEASING = YES;
				CLANG_WARN_BOOL_CONVERSION = YES;
				CLANG_WARN_COMMA = YES;
				CLANG_WARN_CONSTANT_CONVERSION = YES;
				CLANG_WARN_DEPRECATED_OBJC_IMPLEMENTATIONS = YES;
				CLANG_WARN_DIRECT_OBJC_ISA_USAGE = YES_ERROR;
				CLANG_WARN_DOCUMENTATION_COMMENTS = YES;
				CLANG_WARN_EMPTY_BODY = YES;
				CLANG_WARN_ENUM_CONVERSION = YES;
				CLANG_WARN_INFINITE_RECURSION = YES;
				CLANG_WARN_INT_CONVERSION = YES;
				CLANG_WARN_NON_LITERAL_NULL_CONVERSION = YES;
				CLANG_WARN_OBJC_IMPLICIT_RETAIN_SELF = YES;
				CLANG_WARN_OBJC_LITERAL_CONVERSION = YES;
				CLANG_WARN_OBJC_ROOT_CLASS = YES_ERROR;
				CLANG_WARN_QUOTED_INCLUDE_IN_FRAMEWORK_HEADER = YES;
				CLANG_WARN_RANGE_LOOP_ANALYSIS = YES;
				CLANG_WARN_STRICT_PROTOTYPES = YES;
				CLANG_WARN_SUSPICIOUS_MOVE = YES;
				CLANG_WARN_UNGUARDED_AVAILABILITY = YES_AGGRESSIVE;
				CLANG_WARN_UNREACHABLE_CODE = YES;
				CLANG_WARN__DUPLICATE_METHOD_MATCH = YES;
				COPY_PHASE_STRIP = NO;
				DEBUG_INFORMATION_FORMAT = dwarf;
				ENABLE_STRICT_OBJC_MSGSEND = YES;
				ENABLE_TESTABILITY = YES;
				GCC_C_LANGUAGE_STANDARD = gnu11;
				GCC_DYNAMIC_NO_PIC = NO;
				GCC_NO_COMMON_BLOCKS = YES;
				GCC_OPTIMIZATION_LEVEL = 0;
				GCC_PREPROCESSOR_DEFINITIONS = (
					"DEBUG=1",
					"$(inherited)",
				);
				GCC_WARN_64_TO_32_BIT_CONVERSION = YES;
				GCC_WARN_ABOUT_RETURN_TYPE = YES_ERROR;
				GCC_WARN_UNDECLARED_SELECTOR = YES;
				GCC_WARN_UNINITIALIZED_AUTOS = YES_AGGRESSIVE;
				GCC_WARN_UNUSED_FUNCTION = YES;
				GCC_WARN_UNUSED_VARIABLE = YES;
				IPHONEOS_DEPLOYMENT_TARGET = 14.4;
				MTL_ENABLE_DEBUG_INFO = INCLUDE_SOURCE;
				MTL_FAST_MATH = YES;
				ONLY_ACTIVE_ARCH = YES;
				SDKROOT = iphoneos;
				SWIFT_ACTIVE_COMPILATION_CONDITIONS = DEBUG;
				SWIFT_OPTIMIZATION_LEVEL = "-Onone";
			};
			name = Debug;
		};
		B2A123AA2AF7E5620085D288 /* Release */ = {
			isa = XCBuildConfiguration;
			buildSettings = {
				ALWAYS_SEARCH_USER_PATHS = NO;
				CLANG_ANALYZER_NONNULL = YES;
				CLANG_ANALYZER_NUMBER_OBJECT_CONVERSION = YES_AGGRESSIVE;
				CLANG_CXX_LANGUAGE_STANDARD = "gnu++14";
				CLANG_CXX_LIBRARY = "libc++";
				CLANG_ENABLE_MODULES = YES;
				CLANG_ENABLE_OBJC_ARC = YES;
				CLANG_ENABLE_OBJC_WEAK = YES;
				CLANG_WARN_BLOCK_CAPTURE_AUTORELEASING = YES;
				CLANG_WARN_BOOL_CONVERSION = YES;
				CLANG_WARN_COMMA = YES;
				CLANG_WARN_CONSTANT_CONVERSION = YES;
				CLANG_WARN_DEPRECATED_OBJC_IMPLEMENTATIONS = YES;
				CLANG_WARN_DIRECT_OBJC_ISA_USAGE = YES_ERROR;
				CLANG_WARN_DOCUMENTATION_COMMENTS = YES;
				CLANG_WARN_EMPTY_BODY = YES;
				CLANG_WARN_ENUM_CONVERSION = YES;
				CLANG_WARN_INFINITE_RECURSION = YES;
				CLANG_WARN_INT_CONVERSION = YES;
				CLANG_WARN_NON_LITERAL_NULL_CONVERSION = YES;
				CLANG_WARN_OBJC_IMPLICIT_RETAIN_SELF = YES;
				CLANG_WARN_OBJC_LITERAL_CONVERSION = YES;
				CLANG_WARN_OBJC_ROOT_CLASS = YES_ERROR;
				CLANG_WARN_QUOTED_INCLUDE_IN_FRAMEWORK_HEADER = YES;
				CLANG_WARN_RANGE_LOOP_ANALYSIS = YES;
				CLANG_WARN_STRICT_PROTOTYPES = YES;
				CLANG_WARN_SUSPICIOUS_MOVE = YES;
				CLANG_WARN_UNGUARDED_AVAILABILITY = YES_AGGRESSIVE;
				CLANG_WARN_UNREACHABLE_CODE = YES;
				CLANG_WARN__DUPLICATE_METHOD_MATCH = YES;
				COPY_PHASE_STRIP = NO;
				DEBUG_INFORMATION_FORMAT = "dwarf-with-dsym";
				ENABLE_NS_ASSERTIONS = NO;
				ENABLE_STRICT_OBJC_MSGSEND = YES;
				GCC_C_LANGUAGE_STANDARD = gnu11;
				GCC_NO_COMMON_BLOCKS = YES;
				GCC_WARN_64_TO_32_BIT_CONVERSION = YES;
				GCC_WARN_ABOUT_RETURN_TYPE = YES_ERROR;
				GCC_WARN_UNDECLARED_SELECTOR = YES;
				GCC_WARN_UNINITIALIZED_AUTOS = YES_AGGRESSIVE;
				GCC_WARN_UNUSED_FUNCTION = YES;
				GCC_WARN_UNUSED_VARIABLE = YES;
				IPHONEOS_DEPLOYMENT_TARGET = 14.4;
				MTL_ENABLE_DEBUG_INFO = NO;
				MTL_FAST_MATH = YES;
				SDKROOT = iphoneos;
				SWIFT_COMPILATION_MODE = wholemodule;
				SWIFT_OPTIMIZATION_LEVEL = "-O";
				VALIDATE_PRODUCT = YES;
			};
			name = Release;
		};
		B2A123AC2AF7E5620085D288 /* Debug */ = {
			isa = XCBuildConfiguration;
			buildSettings = {
				ASSETCATALOG_COMPILER_APPICON_NAME = AppIcon;
				ASSETCATALOG_COMPILER_GLOBAL_ACCENT_COLOR_NAME = AccentColor;
				CODE_SIGN_STYLE = Automatic;
				INFOPLIST_FILE = Routinator/Info.plist;
				LD_RUNPATH_SEARCH_PATHS = (
					"$(inherited)",
					"@executable_path/Frameworks",
				);
				PRODUCT_BUNDLE_IDENTIFIER = com.johnny.swan.Routinator;
				PRODUCT_NAME = "$(TARGET_NAME)";
				SWIFT_VERSION = 5.0;
				TARGETED_DEVICE_FAMILY = "1,2";
			};
			name = Debug;
		};
		B2A123AD2AF7E5620085D288 /* Release */ = {
			isa = XCBuildConfiguration;
			buildSettings = {
				ASSETCATALOG_COMPILER_APPICON_NAME = AppIcon;
				ASSETCATALOG_COMPILER_GLOBAL_ACCENT_COLOR_NAME = AccentColor;
				CODE_SIGN_STYLE = Automatic;
				INFOPLIST_FILE = Routinator/Info.plist;
				LD_RUNPATH_SEARCH_PATHS = (
					"$(inherited)",
					"@executable_path/Frameworks",
				);
				PRODUCT_BUNDLE_IDENTIFIER = com.johnny.swan.Routinator;
				PRODUCT_NAME = "$(TARGET_NAME)";
				SWIFT_VERSION = 5.0;
				TARGETED_DEVICE_FAMILY = "1,2";
			};
			name = Release;
		};
/* End XCBuildConfiguration section */

/* Begin XCConfigurationList section */
		B2A123922AF7E5600085D288 /* Build configuration list for PBXProject "Routinator" */ = {
			isa = XCConfigurationList;
			buildConfigurations = (
				B2A123A92AF7E5620085D288 /* Debug */,
				B2A123AA2AF7E5620085D288 /* Release */,
			);
			defaultConfigurationIsVisible = 0;
			defaultConfigurationName = Release;
		};
		B2A123AB2AF7E5620085D288 /* Build configuration list for PBXNativeTarget "Routinator" */ = {
			isa = XCConfigurationList;
			buildConfigurations = (
				B2A123AC2AF7E5620085D288 /* Debug */,
				B2A123AD2AF7E5620085D288 /* Release */,
			);
			defaultConfigurationIsVisible = 0;
			defaultConfigurationName = Release;
		};
/* End XCConfigurationList section */
	};
	rootObject = B2A1238F2AF7E5600085D288 /* Project object */;
}
